
Microsoft Visual Studio Solution File, Format Version 12.00
# Visual Studio Version 16
VisualStudioVersion = 16.0.30413.136
MinimumVisualStudioVersion = 10.0.40219.1
Project("{FAE04EC0-301F-11D3-BF4B-00C04F79EFBC}") = "Dan_LIX_Milos_Peric", "Dan_LIX_Milos_Peric\Dan_LIX_Milos_Peric.csproj", "{321825CE-54BA-4579-B074-D3FE27EE249C}"
EndProject
Global
	GlobalSection(SolutionConfigurationPlatforms) = preSolution
		Debug|Any CPU = Debug|Any CPU
		Release|Any CPU = Release|Any CPU
	EndGlobalSection
	GlobalSection(ProjectConfigurationPlatforms) = postSolution
		{321825CE-54BA-4579-B074-D3FE27EE249C}.Debug|Any CPU.ActiveCfg = Debug|Any CPU
		{321825CE-54BA-4579-B074-D3FE27EE249C}.Debug|Any CPU.Build.0 = Debug|Any CPU
		{321825CE-54BA-4579-B074-D3FE27EE249C}.Release|Any CPU.ActiveCfg = Release|Any CPU
		{321825CE-54BA-4579-B074-D3FE27EE249C}.Release|Any CPU.Build.0 = Release|Any CPU
	EndGlobalSection
	GlobalSection(SolutionProperties) = preSolution
		HideSolutionNode = FALSE
	EndGlobalSection
	GlobalSection(ExtensibilityGlobals) = postSolution
		SolutionGuid = {43B093DC-B09B-4C70-BF45-A098C3776508}
	EndGlobalSection
EndGlobal
